
Microsoft Visual Studio Solution File, Format Version 12.00
# Visual Studio 15
VisualStudioVersion = 15.0.28307.1000
MinimumVisualStudioVersion = 10.0.40219.1
Project("{FAE04EC0-301F-11D3-BF4B-00C04F79EFBC}") = "DCO Player", "DCO Player\DCO Player.csproj", "{0AEC2003-B2F2-4371-9725-A59845D30728}"
EndProject
Global
	GlobalSection(SolutionConfigurationPlatforms) = preSolution
		Debug|Any CPU = Debug|Any CPU
		Release|Any CPU = Release|Any CPU
	EndGlobalSection
	GlobalSection(ProjectConfigurationPlatforms) = postSolution
		{0AEC2003-B2F2-4371-9725-A59845D30728}.Debug|Any CPU.ActiveCfg = Debug|Any CPU
		{0AEC2003-B2F2-4371-9725-A59845D30728}.Debug|Any CPU.Build.0 = Debug|Any CPU
		{0AEC2003-B2F2-4371-9725-A59845D30728}.Release|Any CPU.ActiveCfg = Release|Any CPU
		{0AEC2003-B2F2-4371-9725-A59845D30728}.Release|Any CPU.Build.0 = Release|Any CPU
	EndGlobalSection
	GlobalSection(SolutionProperties) = preSolution
		HideSolutionNode = FALSE
	EndGlobalSection
	GlobalSection(ExtensibilityGlobals) = postSolution
		SolutionGuid = {F8F5EE83-55DE-4F93-B2F6-7E03C6BE2012}
	EndGlobalSection
EndGlobal
